
Microsoft Visual Studio Solution File, Format Version 12.00
# Visual Studio Version 16
VisualStudioVersion = 16.0.30413.136
MinimumVisualStudioVersion = 10.0.40219.1
Project("{9A19103F-16F7-4668-BE54-9A1E7A4F7556}") = "MusKos.Presentation", "MusKosCore\MusKos.Presentation.csproj", "{2744028C-35CC-484E-A226-3F15BA98C164}"
EndProject
Project("{2150E333-8FDC-42A3-9474-1A3956D46DE8}") = "1. Presentation", "1. Presentation", "{3A04E0EC-1A80-405E-8CA5-050CCE5A7D0B}"
EndProject
Project("{2150E333-8FDC-42A3-9474-1A3956D46DE8}") = "2. Domain", "2. Domain", "{A60C1E39-9E5E-47C2-A60C-F8B3C7FC1B54}"
EndProject
Project("{2150E333-8FDC-42A3-9474-1A3956D46DE8}") = "3. Data", "3. Data", "{01B05716-3FCF-40BA-86A6-47D47C23D14C}"
EndProject
Project("{9A19103F-16F7-4668-BE54-9A1E7A4F7556}") = "MusKos.Domain", "MusKos.Domain\MusKos.Domain.csproj", "{B96625B0-36AD-4859-BBAB-DE03A9FF1418}"
EndProject
Project("{9A19103F-16F7-4668-BE54-9A1E7A4F7556}") = "MusKos.Data", "MusKos.Data\MusKos.Data.csproj", "{209EBAA9-2DB4-4A43-88C4-B366075AD7A2}"
EndProject
Global
	GlobalSection(SolutionConfigurationPlatforms) = preSolution
		Debug|Any CPU = Debug|Any CPU
		Release|Any CPU = Release|Any CPU
	EndGlobalSection
	GlobalSection(ProjectConfigurationPlatforms) = postSolution
		{2744028C-35CC-484E-A226-3F15BA98C164}.Debug|Any CPU.ActiveCfg = Debug|Any CPU
		{2744028C-35CC-484E-A226-3F15BA98C164}.Debug|Any CPU.Build.0 = Debug|Any CPU
		{2744028C-35CC-484E-A226-3F15BA98C164}.Release|Any CPU.ActiveCfg = Release|Any CPU
		{2744028C-35CC-484E-A226-3F15BA98C164}.Release|Any CPU.Build.0 = Release|Any CPU
		{B96625B0-36AD-4859-BBAB-DE03A9FF1418}.Debug|Any CPU.ActiveCfg = Debug|Any CPU
		{B96625B0-36AD-4859-BBAB-DE03A9FF1418}.Debug|Any CPU.Build.0 = Debug|Any CPU
		{B96625B0-36AD-4859-BBAB-DE03A9FF1418}.Release|Any CPU.ActiveCfg = Release|Any CPU
		{B96625B0-36AD-4859-BBAB-DE03A9FF1418}.Release|Any CPU.Build.0 = Release|Any CPU
		{209EBAA9-2DB4-4A43-88C4-B366075AD7A2}.Debug|Any CPU.ActiveCfg = Debug|Any CPU
		{209EBAA9-2DB4-4A43-88C4-B366075AD7A2}.Debug|Any CPU.Build.0 = Debug|Any CPU
		{209EBAA9-2DB4-4A43-88C4-B366075AD7A2}.Release|Any CPU.ActiveCfg = Release|Any CPU
		{209EBAA9-2DB4-4A43-88C4-B366075AD7A2}.Release|Any CPU.Build.0 = Release|Any CPU
	EndGlobalSection
	GlobalSection(SolutionProperties) = preSolution
		HideSolutionNode = FALSE
	EndGlobalSection
	GlobalSection(NestedProjects) = preSolution
		{2744028C-35CC-484E-A226-3F15BA98C164} = {3A04E0EC-1A80-405E-8CA5-050CCE5A7D0B}
		{B96625B0-36AD-4859-BBAB-DE03A9FF1418} = {A60C1E39-9E5E-47C2-A60C-F8B3C7FC1B54}
		{209EBAA9-2DB4-4A43-88C4-B366075AD7A2} = {01B05716-3FCF-40BA-86A6-47D47C23D14C}
	EndGlobalSection
	GlobalSection(ExtensibilityGlobals) = postSolution
		SolutionGuid = {D5E87FE8-D50E-4F23-B710-44D847D844FF}
	EndGlobalSection
EndGlobal
